{
  "name": "cordova-plugin-stripe",
  "version": "1.5.3",
  "lockfileVersion": 1,
  "requires": true,
  "dependencies": {
    "@types/cordova": {
      "version": "0.0.34",
      "resolved": "https://registry.npmjs.org/@types/cordova/-/cordova-0.0.34.tgz",
      "integrity": "sha1-6nrd907Ow9dimCegw54smt3HPQQ="
    },
    "acorn": {
      "version": "https://registry.npmjs.org/acorn/-/acorn-3.3.0.tgz",
      "integrity": "sha1-ReN/s56No/JbruP/U2niu18iAXo=",
      "dev": true
    },
    "acorn-jsx": {
      "version": "https://registry.npmjs.org/acorn-jsx/-/acorn-jsx-3.0.1.tgz",
      "integrity": "sha1-r9+UiPsezvyDSPb7IvRk4ypYs2s=",
      "dev": true,
      "requires": {
        "acorn": "https://registry.npmjs.org/acorn/-/acorn-3.3.0.tgz"
      }
    },
    "amdefine": {
      "version": "https://registry.npmjs.org/amdefine/-/amdefine-1.0.1.tgz",
      "integrity": "sha1-SlKCrBZHKek2Gbz9OtFR+BfOkfU=",
      "dev": true
    },
    "ansi-escape-sequences": {
      "version": "https://registry.npmjs.org/ansi-escape-sequences/-/ansi-escape-sequences-3.0.0.tgz",
      "integrity": "sha1-HBg5S2r5t2/5pjUJ+kl2af0s5T4=",
      "dev": true,
      "requires": {
        "array-back": "https://registry.npmjs.org/array-back/-/array-back-1.0.4.tgz"
      }
    },
    "app-usage-stats": {
      "version": "https://registry.npmjs.org/app-usage-stats/-/app-usage-stats-0.5.1.tgz",
      "integrity": "sha1-ZUfF25urCqX1ssVg6syK8g0KsTs=",
      "dev": true,
      "requires": {
        "array-back": "https://registry.npmjs.org/array-back/-/array-back-1.0.4.tgz",
        "home-path": "https://registry.npmjs.org/home-path/-/home-path-1.0.5.tgz",
        "test-value": "https://registry.npmjs.org/test-value/-/test-value-2.1.0.tgz",
        "usage-stats": "https://registry.npmjs.org/usage-stats/-/usage-stats-0.9.3.tgz"
      }
    },
    "array-back": {
      "version": "https://registry.npmjs.org/array-back/-/array-back-1.0.4.tgz",
      "integrity": "sha1-ZEun8JX3/898Q7Xw3DnTwfA8Bjs=",
      "dev": true,
      "requires": {
        "typical": "https://registry.npmjs.org/typical/-/typical-2.6.1.tgz"
      }
    },
    "async": {
      "version": "https://registry.npmjs.org/async/-/async-0.2.10.tgz",
      "integrity": "sha1-trvgsGdLnXGXCMo43owjfLUmw9E=",
      "dev": true,
      "optional": true
    },
    "balanced-match": {
      "version": "https://registry.npmjs.org/balanced-match/-/balanced-match-1.0.0.tgz",
      "integrity": "sha1-ibTRmasr7kneFk6gK4nORi1xt2c=",
      "dev": true
    },
    "bluebird": {
      "version": "https://registry.npmjs.org/bluebird/-/bluebird-3.4.7.tgz",
      "integrity": "sha1-9y12C+Cbf3bQjtj66Ysomo0F+rM=",
      "dev": true
    },
    "brace-expansion": {
      "version": "https://registry.npmjs.org/brace-expansion/-/brace-expansion-1.1.8.tgz",
      "integrity": "sha1-wHshHHyVLsH479Uad+8NHTmQopI=",
      "dev": true,
      "requires": {
        "balanced-match": "https://registry.npmjs.org/balanced-match/-/balanced-match-1.0.0.tgz",
        "concat-map": "https://registry.npmjs.org/concat-map/-/concat-map-0.0.1.tgz"
      }
    },
    "cache-point": {
      "version": "https://registry.npmjs.org/cache-point/-/cache-point-0.4.0.tgz",
      "integrity": "sha1-J5f2gFWXB1fIfom0ZJeOdOEQR7A=",
      "dev": true,
      "requires": {
        "array-back": "https://registry.npmjs.org/array-back/-/array-back-1.0.4.tgz",
        "fs-then-native": "https://registry.npmjs.org/fs-then-native/-/fs-then-native-2.0.0.tgz",
        "mkdirp": "https://registry.npmjs.org/mkdirp/-/mkdirp-0.5.1.tgz"
      }
    },
    "catharsis": {
      "version": "https://registry.npmjs.org/catharsis/-/catharsis-0.8.8.tgz",
      "integrity": "sha1-aTR59DqsVJ2Aa9c+kkzQ2USVGgY=",
      "dev": true,
      "requires": {
        "underscore-contrib": "https://registry.npmjs.org/underscore-contrib/-/underscore-contrib-0.3.0.tgz"
      }
    },
    "cli": {
      "version": "https://registry.npmjs.org/cli/-/cli-1.0.1.tgz",
      "integrity": "sha1-IoF1NPJL+klQw01TLUjsvGIbjBQ=",
      "dev": true,
      "requires": {
        "exit": "https://registry.npmjs.org/exit/-/exit-0.1.2.tgz",
        "glob": "https://registry.npmjs.org/glob/-/glob-7.1.2.tgz"
      }
    },
    "collect-all": {
      "version": "https://registry.npmjs.org/collect-all/-/collect-all-1.0.3.tgz",
      "integrity": "sha1-GrzCBEi1ihRHSH/PNBMOlRKwrPg=",
      "dev": true,
      "requires": {
        "stream-connect": "https://registry.npmjs.org/stream-connect/-/stream-connect-1.0.2.tgz",
        "stream-via": "https://registry.npmjs.org/stream-via/-/stream-via-1.0.4.tgz"
      }
    },
    "command-line-args": {
      "version": "https://registry.npmjs.org/command-line-args/-/command-line-args-4.0.6.tgz",
      "integrity": "sha1-D/h6HdFZiQ3K6yoAWr2uceVQWfw=",
      "dev": true,
      "requires": {
        "array-back": "https://registry.npmjs.org/array-back/-/array-back-1.0.4.tgz",
        "find-replace": "https://registry.npmjs.org/find-replace/-/find-replace-1.0.3.tgz",
        "typical": "https://registry.npmjs.org/typical/-/typical-2.6.1.tgz"
      }
    },
    "command-line-tool": {
      "version": "https://registry.npmjs.org/command-line-tool/-/command-line-tool-0.7.0.tgz",
      "integrity": "sha1-yoB5KuIGnPfKpWLAy8LNEYERIqA=",
      "dev": true,
      "requires": {
        "ansi-escape-sequences": "https://registry.npmjs.org/ansi-escape-sequences/-/ansi-escape-sequences-3.0.0.tgz",
        "array-back": "https://registry.npmjs.org/array-back/-/array-back-1.0.4.tgz",
        "command-line-args": "https://registry.npmjs.org/command-line-args/-/command-line-args-4.0.6.tgz",
        "command-line-usage": "https://registry.npmjs.org/command-line-usage/-/command-line-usage-4.0.0.tgz",
        "typical": "https://registry.npmjs.org/typical/-/typical-2.6.1.tgz"
      }
    },
    "command-line-usage": {
      "version": "https://registry.npmjs.org/command-line-usage/-/command-line-usage-4.0.0.tgz",
      "integrity": "sha1-gWsyeItY+f66RNHm2sYPyuspteo=",
      "dev": true,
      "requires": {
        "ansi-escape-sequences": "https://registry.npmjs.org/ansi-escape-sequences/-/ansi-escape-sequences-3.0.0.tgz",
        "array-back": "https://registry.npmjs.org/array-back/-/array-back-1.0.4.tgz",
        "table-layout": "https://registry.npmjs.org/table-layout/-/table-layout-0.4.0.tgz",
        "typical": "https://registry.npmjs.org/typical/-/typical-2.6.1.tgz"
      }
    },
    "common-sequence": {
      "version": "https://registry.npmjs.org/common-sequence/-/common-sequence-1.0.2.tgz",
      "integrity": "sha1-MOB/P49vf5s97oVPILLTnu4Ibeg=",
      "dev": true
    },
    "concat-map": {
      "version": "https://registry.npmjs.org/concat-map/-/concat-map-0.0.1.tgz",
      "integrity": "sha1-2Klr13/Wjfd5OnMDajug1UBdR3s=",
      "dev": true
    },
    "config-master": {
      "version": "https://registry.npmjs.org/config-master/-/config-master-3.1.0.tgz",
      "integrity": "sha1-ZnZjWQUFooO/JqSE1oSJ10xUhdo=",
      "dev": true,
      "requires": {
        "walk-back": "https://registry.npmjs.org/walk-back/-/walk-back-2.0.1.tgz"
      }
    },
    "console-browserify": {
      "version": "https://registry.npmjs.org/console-browserify/-/console-browserify-1.1.0.tgz",
      "integrity": "sha1-8CQcRXMKn8YyOyBtvzjtx0HQuxA=",
      "dev": true,
      "requires": {
        "date-now": "https://registry.npmjs.org/date-now/-/date-now-0.1.4.tgz"
      }
    },
    "core-util-is": {
      "version": "https://registry.npmjs.org/core-util-is/-/core-util-is-1.0.2.tgz",
      "integrity": "sha1-tf1UIgqivFq1eqtxQMlAdUUDwac=",
      "dev": true
    },
    "date-now": {
      "version": "https://registry.npmjs.org/date-now/-/date-now-0.1.4.tgz",
      "integrity": "sha1-6vQ5/U1ISK105cx9vvIAZyueNFs=",
      "dev": true
    },
    "deep-extend": {
      "version": "https://registry.npmjs.org/deep-extend/-/deep-extend-0.4.2.tgz",
      "integrity": "sha1-SLaZwn4zS/ifEIkr5DL25MfTSn8=",
      "dev": true
    },
    "defer-promise": {
      "version": "https://registry.npmjs.org/defer-promise/-/defer-promise-1.0.1.tgz",
      "integrity": "sha1-HKb/7dvO8XFd16riXHYW+a4iky8=",
      "dev": true
    },
    "dmd": {
      "version": "https://registry.npmjs.org/dmd/-/dmd-3.0.6.tgz",
      "integrity": "sha1-lMDg+4jRy2uCg3WVBT3nkZx1PCU=",
      "dev": true,
      "requires": {
        "array-back": "https://registry.npmjs.org/array-back/-/array-back-1.0.4.tgz",
        "cache-point": "https://registry.npmjs.org/cache-point/-/cache-point-0.4.0.tgz",
        "common-sequence": "https://registry.npmjs.org/common-sequence/-/common-sequence-1.0.2.tgz",
        "file-set": "https://registry.npmjs.org/file-set/-/file-set-1.1.1.tgz",
        "handlebars": "https://registry.npmjs.org/handlebars/-/handlebars-3.0.3.tgz",
        "marked": "https://registry.npmjs.org/marked/-/marked-0.3.6.tgz",
        "object-get": "https://registry.npmjs.org/object-get/-/object-get-2.1.0.tgz",
        "reduce-flatten": "https://registry.npmjs.org/reduce-flatten/-/reduce-flatten-1.0.1.tgz",
        "reduce-unique": "https://registry.npmjs.org/reduce-unique/-/reduce-unique-1.0.0.tgz",
        "reduce-without": "https://registry.npmjs.org/reduce-without/-/reduce-without-1.0.1.tgz",
        "test-value": "https://registry.npmjs.org/test-value/-/test-value-2.1.0.tgz",
        "walk-back": "https://registry.npmjs.org/walk-back/-/walk-back-3.0.0.tgz"
      },
      "dependencies": {
        "walk-back": {
          "version": "https://registry.npmjs.org/walk-back/-/walk-back-3.0.0.tgz",
          "integrity": "sha1-I1h4ejXakQMtrV6S+AsSNw2HlcU=",
          "dev": true
        }
      }
    },
    "dmd-plugin-cordova-plugin": {
      "version": "https://registry.npmjs.org/dmd-plugin-cordova-plugin/-/dmd-plugin-cordova-plugin-0.1.4.tgz",
      "integrity": "sha1-YVNnH82aXQ3+iS3GMfU9LxaF2CM=",
      "dev": true
    },
    "dom-serializer": {
      "version": "https://registry.npmjs.org/dom-serializer/-/dom-serializer-0.1.0.tgz",
      "integrity": "sha1-BzxpdUbOB4DOI75KKOKT5AvDDII=",
      "dev": true,
      "requires": {
        "domelementtype": "https://registry.npmjs.org/domelementtype/-/domelementtype-1.1.3.tgz",
        "entities": "https://registry.npmjs.org/entities/-/entities-1.1.1.tgz"
      },
      "dependencies": {
        "domelementtype": {
          "version": "https://registry.npmjs.org/domelementtype/-/domelementtype-1.1.3.tgz",
          "integrity": "sha1-vSh3PiZCiBrsUVRJJCmcXNgiGFs=",
          "dev": true
        },
        "entities": {
          "version": "https://registry.npmjs.org/entities/-/entities-1.1.1.tgz",
          "integrity": "sha1-blwtClYhtdra7O+AuQ7ftc13cvA=",
          "dev": true
        }
      }
    },
    "domelementtype": {
      "version": "https://registry.npmjs.org/domelementtype/-/domelementtype-1.3.0.tgz",
      "integrity": "sha1-sXrtguirWeUt2cGbF1bg/BhyBMI=",
      "dev": true
    },
    "domhandler": {
      "version": "https://registry.npmjs.org/domhandler/-/domhandler-2.3.0.tgz",
      "integrity": "sha1-LeWaCCLVAn+r/28DLCsloqir5zg=",
      "dev": true,
      "requires": {
        "domelementtype": "https://registry.npmjs.org/domelementtype/-/domelementtype-1.3.0.tgz"
      }
    },
    "domutils": {
      "version": "https://registry.npmjs.org/domutils/-/domutils-1.5.1.tgz",
      "integrity": "sha1-3NhIiib1Y9YQeeSMn3t+Mjc2gs8=",
      "dev": true,
      "requires": {
        "dom-serializer": "https://registry.npmjs.org/dom-serializer/-/dom-serializer-0.1.0.tgz",
        "domelementtype": "https://registry.npmjs.org/domelementtype/-/domelementtype-1.3.0.tgz"
      }
    },
    "entities": {
      "version": "https://registry.npmjs.org/entities/-/entities-1.0.0.tgz",
      "integrity": "sha1-sph6o4ITR/zeZCsk/fyeT7cSvyY=",
      "dev": true
    },
    "escape-string-regexp": {
      "version": "https://registry.npmjs.org/escape-string-regexp/-/escape-string-regexp-1.0.5.tgz",
      "integrity": "sha1-G2HAViGQqN/2rjuyzwIAyhMLhtQ=",
      "dev": true
    },
    "espree": {
      "version": "https://registry.npmjs.org/espree/-/espree-3.1.7.tgz",
      "integrity": "sha1-/V3ux2qXpRIKnNOnyxF3oJI7EdI=",
      "dev": true,
      "requires": {
        "acorn": "https://registry.npmjs.org/acorn/-/acorn-3.3.0.tgz",
        "acorn-jsx": "https://registry.npmjs.org/acorn-jsx/-/acorn-jsx-3.0.1.tgz"
      }
    },
    "exit": {
      "version": "https://registry.npmjs.org/exit/-/exit-0.1.2.tgz",
      "integrity": "sha1-BjJjj42HfMghB9MKD/8aF8uhzQw=",
      "dev": true
    },
    "feature-detect-es6": {
      "version": "https://registry.npmjs.org/feature-detect-es6/-/feature-detect-es6-1.3.1.tgz",
      "integrity": "sha1-+IhzavnLDJH1VmO/pHYuuW7nBH8=",
      "dev": true,
      "requires": {
        "array-back": "https://registry.npmjs.org/array-back/-/array-back-1.0.4.tgz"
      }
    },
    "file-set": {
      "version": "https://registry.npmjs.org/file-set/-/file-set-1.1.1.tgz",
      "integrity": "sha1-0+xwwIDsjxjyBLod4QZ4DJBWkms=",
      "dev": true,
      "requires": {
        "array-back": "https://registry.npmjs.org/array-back/-/array-back-1.0.4.tgz",
        "glob": "https://registry.npmjs.org/glob/-/glob-7.1.2.tgz"
      }
    },
    "find-replace": {
      "version": "https://registry.npmjs.org/find-replace/-/find-replace-1.0.3.tgz",
      "integrity": "sha1-uI5zZNLZyVlVnziMZmcNYTBEH6A=",
      "dev": true,
      "requires": {
        "array-back": "https://registry.npmjs.org/array-back/-/array-back-1.0.4.tgz",
        "test-value": "https://registry.npmjs.org/test-value/-/test-value-2.1.0.tgz"
      }
    },
    "fs-then-native": {
      "version": "https://registry.npmjs.org/fs-then-native/-/fs-then-native-2.0.0.tgz",
      "integrity": "sha1-GaEk2U2QwiyOBF8ujdbr6jbUjGc=",
      "dev": true
    },
    "fs.realpath": {
      "version": "https://registry.npmjs.org/fs.realpath/-/fs.realpath-1.0.0.tgz",
      "integrity": "sha1-FQStJSMVjKpA20onh8sBQRmU6k8=",
      "dev": true
    },
    "glob": {
      "version": "https://registry.npmjs.org/glob/-/glob-7.1.2.tgz",
      "integrity": "sha1-wZyd+aAocC1nhhI4SmVSQExjbRU=",
      "dev": true,
      "requires": {
        "fs.realpath": "https://registry.npmjs.org/fs.realpath/-/fs.realpath-1.0.0.tgz",
        "inflight": "https://registry.npmjs.org/inflight/-/inflight-1.0.6.tgz",
        "inherits": "https://registry.npmjs.org/inherits/-/inherits-2.0.3.tgz",
        "minimatch": "https://registry.npmjs.org/minimatch/-/minimatch-3.0.4.tgz",
        "once": "https://registry.npmjs.org/once/-/once-1.4.0.tgz",
        "path-is-absolute": "https://registry.npmjs.org/path-is-absolute/-/path-is-absolute-1.0.1.tgz"
      }
    },
    "graceful-fs": {
      "version": "https://registry.npmjs.org/graceful-fs/-/graceful-fs-4.1.11.tgz",
      "integrity": "sha1-Dovf5NHduIVNZOBOp8AOKgJuVlg=",
      "dev": true,
      "optional": true
    },
    "handlebars": {
      "version": "https://registry.npmjs.org/handlebars/-/handlebars-3.0.3.tgz",
      "integrity": "sha1-DgllGi8Ps8lJFgWDcQ1VH5Lm0q0=",
      "dev": true,
      "requires": {
        "optimist": "https://registry.npmjs.org/optimist/-/optimist-0.6.1.tgz",
        "source-map": "https://registry.npmjs.org/source-map/-/source-map-0.1.43.tgz",
        "uglify-js": "https://registry.npmjs.org/uglify-js/-/uglify-js-2.3.6.tgz"
      }
    },
    "home-path": {
      "version": "https://registry.npmjs.org/home-path/-/home-path-1.0.5.tgz",
      "integrity": "sha1-eIspgVsS1Tus9XVkhHbm+QQdEz8=",
      "dev": true
    },
    "htmlparser2": {
      "version": "https://registry.npmjs.org/htmlparser2/-/htmlparser2-3.8.3.tgz",
      "integrity": "sha1-mWwosZFRaovoZQGn15dX5ccMEGg=",
      "dev": true,
      "requires": {
        "domelementtype": "https://registry.npmjs.org/domelementtype/-/domelementtype-1.3.0.tgz",
        "domhandler": "https://registry.npmjs.org/domhandler/-/domhandler-2.3.0.tgz",
        "domutils": "https://registry.npmjs.org/domutils/-/domutils-1.5.1.tgz",
        "entities": "https://registry.npmjs.org/entities/-/entities-1.0.0.tgz",
        "readable-stream": "https://registry.npmjs.org/readable-stream/-/readable-stream-1.1.14.tgz"
      }
    },
    "inflight": {
      "version": "https://registry.npmjs.org/inflight/-/inflight-1.0.6.tgz",
      "integrity": "sha1-Sb1jMdfQLQwJvJEKEHW6gWW1bfk=",
      "dev": true,
      "requires": {
        "once": "https://registry.npmjs.org/once/-/once-1.4.0.tgz",
        "wrappy": "https://registry.npmjs.org/wrappy/-/wrappy-1.0.2.tgz"
      }
    },
    "inherits": {
      "version": "https://registry.npmjs.org/inherits/-/inherits-2.0.3.tgz",
      "integrity": "sha1-Yzwsg+PaQqUC9SRmAiSA9CCCYd4=",
      "dev": true
    },
    "isarray": {
      "version": "https://registry.npmjs.org/isarray/-/isarray-0.0.1.tgz",
      "integrity": "sha1-ihis/Kmo9Bd+Cav8YDiTmwXR7t8=",
      "dev": true
    },
    "js2xmlparser": {
      "version": "https://registry.npmjs.org/js2xmlparser/-/js2xmlparser-1.0.0.tgz",
      "integrity": "sha1-WhcPLo1kds5FQF4EgjJCUTeC/jA=",
      "dev": true
    },
    "jsdoc-75lb": {
      "version": "https://registry.npmjs.org/jsdoc-75lb/-/jsdoc-75lb-3.6.0.tgz",
      "integrity": "sha1-qAcRlSi0AJzLyrSbdSL2P+xs0L0=",
      "dev": true,
      "requires": {
        "bluebird": "https://registry.npmjs.org/bluebird/-/bluebird-3.4.7.tgz",
        "catharsis": "https://registry.npmjs.org/catharsis/-/catharsis-0.8.8.tgz",
        "escape-string-regexp": "https://registry.npmjs.org/escape-string-regexp/-/escape-string-regexp-1.0.5.tgz",
        "espree": "https://registry.npmjs.org/espree/-/espree-3.1.7.tgz",
        "js2xmlparser": "https://registry.npmjs.org/js2xmlparser/-/js2xmlparser-1.0.0.tgz",
        "klaw": "https://registry.npmjs.org/klaw/-/klaw-1.3.1.tgz",
        "marked": "https://registry.npmjs.org/marked/-/marked-0.3.6.tgz",
        "mkdirp": "https://registry.npmjs.org/mkdirp/-/mkdirp-0.5.1.tgz",
        "requizzle": "https://registry.npmjs.org/requizzle/-/requizzle-0.2.1.tgz",
        "strip-json-comments": "https://registry.npmjs.org/strip-json-comments/-/strip-json-comments-2.0.1.tgz",
        "taffydb": "https://registry.npmjs.org/taffydb/-/taffydb-2.6.2.tgz",
        "underscore": "https://registry.npmjs.org/underscore/-/underscore-1.8.3.tgz"
      }
    },
    "jsdoc-api": {
      "version": "https://registry.npmjs.org/jsdoc-api/-/jsdoc-api-3.0.0.tgz",
      "integrity": "sha1-DVJwAjX4Zb1Ki61evB77Vi/IrSo=",
      "dev": true,
      "requires": {
        "array-back": "https://registry.npmjs.org/array-back/-/array-back-1.0.4.tgz",
        "cache-point": "https://registry.npmjs.org/cache-point/-/cache-point-0.4.0.tgz",
        "collect-all": "https://registry.npmjs.org/collect-all/-/collect-all-1.0.3.tgz",
        "file-set": "https://registry.npmjs.org/file-set/-/file-set-1.1.1.tgz",
        "fs-then-native": "https://registry.npmjs.org/fs-then-native/-/fs-then-native-2.0.0.tgz",
        "jsdoc-75lb": "https://registry.npmjs.org/jsdoc-75lb/-/jsdoc-75lb-3.6.0.tgz",
        "object-to-spawn-args": "https://registry.npmjs.org/object-to-spawn-args/-/object-to-spawn-args-1.1.1.tgz",
        "temp-path": "https://registry.npmjs.org/temp-path/-/temp-path-1.0.0.tgz",
        "walk-back": "https://registry.npmjs.org/walk-back/-/walk-back-2.0.1.tgz"
      }
    },
    "jsdoc-parse": {
      "version": "https://registry.npmjs.org/jsdoc-parse/-/jsdoc-parse-3.0.0.tgz",
      "integrity": "sha1-JxUx2I8Z3yUgsWMqf2yYlEGof94=",
      "dev": true,
      "requires": {
        "array-back": "https://registry.npmjs.org/array-back/-/array-back-1.0.4.tgz",
        "lodash.omit": "https://registry.npmjs.org/lodash.omit/-/lodash.omit-4.5.0.tgz",
        "lodash.pick": "https://registry.npmjs.org/lodash.pick/-/lodash.pick-4.4.0.tgz",
        "reduce-extract": "https://registry.npmjs.org/reduce-extract/-/reduce-extract-1.0.0.tgz",
        "sort-array": "https://registry.npmjs.org/sort-array/-/sort-array-1.1.2.tgz",
        "test-value": "https://registry.npmjs.org/test-value/-/test-value-2.1.0.tgz"
      }
    },
    "jsdoc-to-markdown": {
      "version": "https://registry.npmjs.org/jsdoc-to-markdown/-/jsdoc-to-markdown-3.0.0.tgz",
      "integrity": "sha1-zIqU8fQSrB2kusFldHWwl17oFho=",
      "dev": true,
      "requires": {
        "array-back": "https://registry.npmjs.org/array-back/-/array-back-1.0.4.tgz",
        "command-line-tool": "https://registry.npmjs.org/command-line-tool/-/command-line-tool-0.7.0.tgz",
        "config-master": "https://registry.npmjs.org/config-master/-/config-master-3.1.0.tgz",
        "dmd": "https://registry.npmjs.org/dmd/-/dmd-3.0.6.tgz",
        "jsdoc-api": "https://registry.npmjs.org/jsdoc-api/-/jsdoc-api-3.0.0.tgz",
        "jsdoc-parse": "https://registry.npmjs.org/jsdoc-parse/-/jsdoc-parse-3.0.0.tgz",
        "jsdoc2md-stats": "https://registry.npmjs.org/jsdoc2md-stats/-/jsdoc2md-stats-2.0.1.tgz",
        "walk-back": "https://registry.npmjs.org/walk-back/-/walk-back-2.0.1.tgz"
      }
    },
    "jsdoc2md-stats": {
      "version": "https://registry.npmjs.org/jsdoc2md-stats/-/jsdoc2md-stats-2.0.1.tgz",
      "integrity": "sha1-vYNDc0z+aeqAUKF5MSUSk/DZBHs=",
      "dev": true,
      "requires": {
        "app-usage-stats": "https://registry.npmjs.org/app-usage-stats/-/app-usage-stats-0.5.1.tgz"
      }
    },
    "jshint": {
      "version": "https://registry.npmjs.org/jshint/-/jshint-2.9.5.tgz",
      "integrity": "sha1-HnJSkVzmgbQIJ+4UJIxG006apiw=",
      "dev": true,
      "requires": {
        "cli": "https://registry.npmjs.org/cli/-/cli-1.0.1.tgz",
        "console-browserify": "https://registry.npmjs.org/console-browserify/-/console-browserify-1.1.0.tgz",
        "exit": "https://registry.npmjs.org/exit/-/exit-0.1.2.tgz",
        "htmlparser2": "https://registry.npmjs.org/htmlparser2/-/htmlparser2-3.8.3.tgz",
        "lodash": "https://registry.npmjs.org/lodash/-/lodash-3.7.0.tgz",
        "minimatch": "https://registry.npmjs.org/minimatch/-/minimatch-3.0.4.tgz",
        "shelljs": "https://registry.npmjs.org/shelljs/-/shelljs-0.3.0.tgz",
        "strip-json-comments": "https://registry.npmjs.org/strip-json-comments/-/strip-json-comments-1.0.4.tgz"
      },
      "dependencies": {
        "strip-json-comments": {
          "version": "https://registry.npmjs.org/strip-json-comments/-/strip-json-comments-1.0.4.tgz",
          "integrity": "sha1-HhX7ysl9Pumb8tc7TGVrCCu6+5E=",
          "dev": true
        }
      }
    },
    "klaw": {
      "version": "https://registry.npmjs.org/klaw/-/klaw-1.3.1.tgz",
      "integrity": "sha1-QIhDO0azsbolnXh4XY6W9zugJDk=",
      "dev": true,
      "requires": {
        "graceful-fs": "https://registry.npmjs.org/graceful-fs/-/graceful-fs-4.1.11.tgz"
      }
    },
    "lodash": {
      "version": "https://registry.npmjs.org/lodash/-/lodash-3.7.0.tgz",
      "integrity": "sha1-Nni9irmVBXwHreg27S7wh9qBHUU=",
      "dev": true
    },
    "lodash.omit": {
      "version": "https://registry.npmjs.org/lodash.omit/-/lodash.omit-4.5.0.tgz",
      "integrity": "sha1-brGa5aHuHdnfC5aeZs4Lf6MLXmA=",
      "dev": true
    },
    "lodash.padend": {
      "version": "https://registry.npmjs.org/lodash.padend/-/lodash.padend-4.6.1.tgz",
      "integrity": "sha1-U8y6BH0G4VjTEfRdpiX05J5vFm4=",
      "dev": true
    },
    "lodash.pick": {
      "version": "https://registry.npmjs.org/lodash.pick/-/lodash.pick-4.4.0.tgz",
      "integrity": "sha1-UvBWEP/53tQiYRRB7R/BI6AwAbM=",
      "dev": true
    },
    "marked": {
      "version": "https://registry.npmjs.org/marked/-/marked-0.3.6.tgz",
      "integrity": "sha1-ssbGGPzOzk74bE/Gy4p8v1rtqNc=",
      "dev": true
    },
    "minimatch": {
      "version": "https://registry.npmjs.org/minimatch/-/minimatch-3.0.4.tgz",
      "integrity": "sha1-UWbihkV/AzBgZL5Ul+jbsMPTIIM=",
      "dev": true,
      "requires": {
        "brace-expansion": "https://registry.npmjs.org/brace-expansion/-/brace-expansion-1.1.8.tgz"
      }
    },
    "minimist": {
      "version": "https://registry.npmjs.org/minimist/-/minimist-0.0.8.tgz",
      "integrity": "sha1-hX/Kv8M5fSYluCKCYuhqp6ARsF0=",
      "dev": true
    },
    "mkdirp": {
      "version": "https://registry.npmjs.org/mkdirp/-/mkdirp-0.5.1.tgz",
      "integrity": "sha1-MAV0OOrGz3+MR2fzhkjWaX11yQM=",
      "dev": true,
      "requires": {
        "minimist": "https://registry.npmjs.org/minimist/-/minimist-0.0.8.tgz"
      }
    },
    "mkdirp2": {
      "version": "https://registry.npmjs.org/mkdirp2/-/mkdirp2-1.0.3.tgz",
      "integrity": "sha1-zI3YJl8fBuLY9bELblL04FC+0hs=",
      "dev": true
    },
    "object-get": {
      "version": "https://registry.npmjs.org/object-get/-/object-get-2.1.0.tgz",
      "integrity": "sha1-ciu9tgA576R8rTxtws5RqFwCxa4=",
      "dev": true
    },
    "object-to-spawn-args": {
      "version": "https://registry.npmjs.org/object-to-spawn-args/-/object-to-spawn-args-1.1.1.tgz",
      "integrity": "sha1-d9qIJ/Bz0BHJ4bFz+JV4FHAkZ4U=",
      "dev": true
    },
    "once": {
      "version": "https://registry.npmjs.org/once/-/once-1.4.0.tgz",
      "integrity": "sha1-WDsap3WWHUsROsF9nFC6753Xa9E=",
      "dev": true,
      "requires": {
        "wrappy": "https://registry.npmjs.org/wrappy/-/wrappy-1.0.2.tgz"
      }
    },
    "optimist": {
      "version": "https://registry.npmjs.org/optimist/-/optimist-0.6.1.tgz",
      "integrity": "sha1-2j6nRob6IaGaERwybpDrFaAZZoY=",
      "dev": true,
      "requires": {
        "minimist": "https://registry.npmjs.org/minimist/-/minimist-0.0.8.tgz",
        "wordwrap": "https://registry.npmjs.org/wordwrap/-/wordwrap-0.0.3.tgz"
      }
    },
    "path-is-absolute": {
      "version": "https://registry.npmjs.org/path-is-absolute/-/path-is-absolute-1.0.1.tgz",
      "integrity": "sha1-F0uSaHNVNP+8es5r9TpanhtcX18=",
      "dev": true
    },
    "readable-stream": {
      "version": "https://registry.npmjs.org/readable-stream/-/readable-stream-1.1.14.tgz",
      "integrity": "sha1-fPTFTvZI44EwhMY23SB54WbAgdk=",
      "dev": true,
      "requires": {
        "core-util-is": "https://registry.npmjs.org/core-util-is/-/core-util-is-1.0.2.tgz",
        "inherits": "https://registry.npmjs.org/inherits/-/inherits-2.0.3.tgz",
        "isarray": "https://registry.npmjs.org/isarray/-/isarray-0.0.1.tgz",
        "string_decoder": "https://registry.npmjs.org/string_decoder/-/string_decoder-0.10.31.tgz"
      }
    },
    "reduce-extract": {
      "version": "https://registry.npmjs.org/reduce-extract/-/reduce-extract-1.0.0.tgz",
      "integrity": "sha1-Z/I4W+2mUGG19fQxJmLosIDKFSU=",
      "dev": true,
      "requires": {
        "test-value": "https://registry.npmjs.org/test-value/-/test-value-1.1.0.tgz"
      },
      "dependencies": {
        "test-value": {
          "version": "https://registry.npmjs.org/test-value/-/test-value-1.1.0.tgz",
          "integrity": "sha1-oJE29y7AQ9J8iTcHwrFZv6196T8=",
          "dev": true,
          "requires": {
            "array-back": "https://registry.npmjs.org/array-back/-/array-back-1.0.4.tgz",
            "typical": "https://registry.npmjs.org/typical/-/typical-2.6.1.tgz"
          }
        }
      }
    },
    "reduce-flatten": {
      "version": "https://registry.npmjs.org/reduce-flatten/-/reduce-flatten-1.0.1.tgz",
      "integrity": "sha1-JYx479FT3fk8tWEjf2EYTzaW4yc=",
      "dev": true
    },
    "reduce-unique": {
      "version": "https://registry.npmjs.org/reduce-unique/-/reduce-unique-1.0.0.tgz",
      "integrity": "sha1-flhrz4ek4ytter2Cd/rWzeyfSAM=",
      "dev": true
    },
    "reduce-without": {
      "version": "https://registry.npmjs.org/reduce-without/-/reduce-without-1.0.1.tgz",
      "integrity": "sha1-aK0OrRGFXJo31OglbBW7+Hly/Iw=",
      "dev": true,
      "requires": {
        "test-value": "https://registry.npmjs.org/test-value/-/test-value-2.1.0.tgz"
      }
    },
    "req-then": {
      "version": "https://registry.npmjs.org/req-then/-/req-then-0.6.4.tgz",
      "integrity": "sha1-n5wEYmr9MRrgHXJ4RqChB1wOGWU=",
      "dev": true,
      "requires": {
        "array-back": "https://registry.npmjs.org/array-back/-/array-back-2.0.0.tgz",
        "defer-promise": "https://registry.npmjs.org/defer-promise/-/defer-promise-1.0.1.tgz",
        "lodash.pick": "https://registry.npmjs.org/lodash.pick/-/lodash.pick-4.4.0.tgz",
        "stream-read-all": "https://registry.npmjs.org/stream-read-all/-/stream-read-all-0.1.1.tgz",
        "typical": "https://registry.npmjs.org/typical/-/typical-2.6.1.tgz"
      },
      "dependencies": {
        "array-back": {
          "version": "https://registry.npmjs.org/array-back/-/array-back-2.0.0.tgz",
          "integrity": "sha1-aHdHHVHsycm/phNvtsfV/ml0gCI=",
          "dev": true,
          "requires": {
            "typical": "https://registry.npmjs.org/typical/-/typical-2.6.1.tgz"
          }
        }
      }
    },
    "requizzle": {
      "version": "https://registry.npmjs.org/requizzle/-/requizzle-0.2.1.tgz",
      "integrity": "sha1-aUPDUwxNmn5G8c3dUcFY/GcM294=",
      "dev": true,
      "requires": {
        "underscore": "https://registry.npmjs.org/underscore/-/underscore-1.6.0.tgz"
      },
      "dependencies": {
        "underscore": {
          "version": "https://registry.npmjs.org/underscore/-/underscore-1.6.0.tgz",
          "integrity": "sha1-izixDKze9jM3uLJOT/htRa6lKag=",
          "dev": true
        }
      }
    },
    "shelljs": {
      "version": "https://registry.npmjs.org/shelljs/-/shelljs-0.3.0.tgz",
      "integrity": "sha1-NZbmMHp4FUT1kfN9phg2DzHbV7E=",
      "dev": true
    },
    "sort-array": {
      "version": "https://registry.npmjs.org/sort-array/-/sort-array-1.1.2.tgz",
      "integrity": "sha1-uImGBTwBcKf53mPxiknsecJMPmQ=",
      "dev": true,
      "requires": {
        "array-back": "https://registry.npmjs.org/array-back/-/array-back-1.0.4.tgz",
        "object-get": "https://registry.npmjs.org/object-get/-/object-get-2.1.0.tgz",
        "typical": "https://registry.npmjs.org/typical/-/typical-2.6.1.tgz"
      }
    },
    "source-map": {
      "version": "https://registry.npmjs.org/source-map/-/source-map-0.1.43.tgz",
      "integrity": "sha1-wkvBRspRfBRx9drL4lcbK3+eM0Y=",
      "dev": true,
      "requires": {
        "amdefine": "https://registry.npmjs.org/amdefine/-/amdefine-1.0.1.tgz"
      }
    },
    "stream-connect": {
      "version": "https://registry.npmjs.org/stream-connect/-/stream-connect-1.0.2.tgz",
      "integrity": "sha1-GLyB8u2zW4tdmoAJIAqYUxRCipc=",
      "dev": true,
      "requires": {
        "array-back": "https://registry.npmjs.org/array-back/-/array-back-1.0.4.tgz"
      }
    },
    "stream-read-all": {
      "version": "https://registry.npmjs.org/stream-read-all/-/stream-read-all-0.1.1.tgz",
      "integrity": "sha1-MhImaJn/qbjQ2aofC3vsiXumyXc=",
      "dev": true,
      "requires": {
        "test-runner": "https://registry.npmjs.org/test-runner/-/test-runner-0.4.0.tgz"
      }
    },
    "stream-via": {
      "version": "https://registry.npmjs.org/stream-via/-/stream-via-1.0.4.tgz",
      "integrity": "sha1-jcy7CskJMo64vI4qS9OTSv2vYGw=",
      "dev": true
    },
    "string_decoder": {
      "version": "https://registry.npmjs.org/string_decoder/-/string_decoder-0.10.31.tgz",
      "integrity": "sha1-YuIDvEF2bGwoyfyEMB2rHFMQ+pQ=",
      "dev": true
    },
    "strip-json-comments": {
      "version": "https://registry.npmjs.org/strip-json-comments/-/strip-json-comments-2.0.1.tgz",
      "integrity": "sha1-PFMZQukIwml8DsNEhYwobHygpgo=",
      "dev": true
    },
    "table-layout": {
      "version": "https://registry.npmjs.org/table-layout/-/table-layout-0.4.0.tgz",
      "integrity": "sha1-xw/wRV2a3WO5H3wVp3kmKVwODn0=",
      "dev": true,
      "requires": {
        "array-back": "https://registry.npmjs.org/array-back/-/array-back-1.0.4.tgz",
        "deep-extend": "https://registry.npmjs.org/deep-extend/-/deep-extend-0.4.2.tgz",
        "lodash.padend": "https://registry.npmjs.org/lodash.padend/-/lodash.padend-4.6.1.tgz",
        "typical": "https://registry.npmjs.org/typical/-/typical-2.6.1.tgz",
        "wordwrapjs": "https://registry.npmjs.org/wordwrapjs/-/wordwrapjs-2.0.0.tgz"
      }
    },
    "taffydb": {
      "version": "https://registry.npmjs.org/taffydb/-/taffydb-2.6.2.tgz",
      "integrity": "sha1-fLy2S1oUG2ou/CxdLGe04VCyomg=",
      "dev": true
    },
    "temp-path": {
      "version": "https://registry.npmjs.org/temp-path/-/temp-path-1.0.0.tgz",
      "integrity": "sha1-JLFUOXOrRCiW2a02fdnL2/r+kYs=",
      "dev": true
    },
    "test-runner": {
      "version": "https://registry.npmjs.org/test-runner/-/test-runner-0.4.0.tgz",
      "integrity": "sha1-QUJvmz3/9LzaLLI/O333PWfWuKI=",
      "dev": true,
      "requires": {
        "ansi-escape-sequences": "https://registry.npmjs.org/ansi-escape-sequences/-/ansi-escape-sequences-3.0.0.tgz",
        "array-back": "https://registry.npmjs.org/array-back/-/array-back-1.0.4.tgz",
        "command-line-args": "https://registry.npmjs.org/command-line-args/-/command-line-args-4.0.6.tgz",
        "command-line-usage": "https://registry.npmjs.org/command-line-usage/-/command-line-usage-4.0.0.tgz",
        "file-set": "https://registry.npmjs.org/file-set/-/file-set-1.1.1.tgz",
        "reduce-flatten": "https://registry.npmjs.org/reduce-flatten/-/reduce-flatten-1.0.1.tgz"
      }
    },
    "test-value": {
      "version": "https://registry.npmjs.org/test-value/-/test-value-2.1.0.tgz",
      "integrity": "sha1-Edpv9nDzRxpztiXKTz/c97t0gpE=",
      "dev": true,
      "requires": {
        "array-back": "https://registry.npmjs.org/array-back/-/array-back-1.0.4.tgz",
        "typical": "https://registry.npmjs.org/typical/-/typical-2.6.1.tgz"
      }
    },
    "typical": {
      "version": "https://registry.npmjs.org/typical/-/typical-2.6.1.tgz",
      "integrity": "sha1-XAgOXWYcu+OCWdLnCjxyU+hziB0=",
      "dev": true
    },
    "uglify-js": {
      "version": "https://registry.npmjs.org/uglify-js/-/uglify-js-2.3.6.tgz",
      "integrity": "sha1-+gmEdwtCi3qbKoBY9GNV0U/vIRo=",
      "dev": true,
      "optional": true,
      "requires": {
        "async": "https://registry.npmjs.org/async/-/async-0.2.10.tgz",
        "optimist": "https://registry.npmjs.org/optimist/-/optimist-0.3.7.tgz",
        "source-map": "https://registry.npmjs.org/source-map/-/source-map-0.1.43.tgz"
      },
      "dependencies": {
        "optimist": {
          "version": "https://registry.npmjs.org/optimist/-/optimist-0.3.7.tgz",
          "integrity": "sha1-yQlBrVnkJzMokjB00s8ufLxuwNk=",
          "dev": true,
          "optional": true,
          "requires": {
            "wordwrap": "https://registry.npmjs.org/wordwrap/-/wordwrap-0.0.3.tgz"
          }
        }
      }
    },
    "underscore": {
      "version": "https://registry.npmjs.org/underscore/-/underscore-1.8.3.tgz",
      "integrity": "sha1-Tz+1OxBuYJf8+ctBCfKl6b36UCI=",
      "dev": true
    },
    "underscore-contrib": {
      "version": "https://registry.npmjs.org/underscore-contrib/-/underscore-contrib-0.3.0.tgz",
      "integrity": "sha1-ZltmwkeD+PorGMn4y7Dix9SMJsc=",
      "dev": true,
      "requires": {
        "underscore": "https://registry.npmjs.org/underscore/-/underscore-1.6.0.tgz"
      },
      "dependencies": {
        "underscore": {
          "version": "https://registry.npmjs.org/underscore/-/underscore-1.6.0.tgz",
          "integrity": "sha1-izixDKze9jM3uLJOT/htRa6lKag=",
          "dev": true
        }
      }
    },
    "usage-stats": {
      "version": "https://registry.npmjs.org/usage-stats/-/usage-stats-0.9.3.tgz",
      "integrity": "sha1-bJBkkb7Lm06GWfLg0n8zf8+PCH4=",
      "dev": true,
      "requires": {
        "array-back": "https://registry.npmjs.org/array-back/-/array-back-2.0.0.tgz",
        "home-path": "https://registry.npmjs.org/home-path/-/home-path-1.0.5.tgz",
        "mkdirp2": "https://registry.npmjs.org/mkdirp2/-/mkdirp2-1.0.3.tgz",
        "req-then": "https://registry.npmjs.org/req-then/-/req-then-0.6.4.tgz",
        "typical": "https://registry.npmjs.org/typical/-/typical-2.6.1.tgz",
        "uuid": "https://registry.npmjs.org/uuid/-/uuid-3.1.0.tgz"
      },
      "dependencies": {
        "array-back": {
          "version": "https://registry.npmjs.org/array-back/-/array-back-2.0.0.tgz",
          "integrity": "sha1-aHdHHVHsycm/phNvtsfV/ml0gCI=",
          "dev": true,
          "requires": {
            "typical": "https://registry.npmjs.org/typical/-/typical-2.6.1.tgz"
          }
        }
      }
    },
    "uuid": {
      "version": "https://registry.npmjs.org/uuid/-/uuid-3.1.0.tgz",
      "integrity": "sha1-PdPT55Crwk17DToDT/q6vijrvAQ=",
      "dev": true
    },
    "walk-back": {
      "version": "https://registry.npmjs.org/walk-back/-/walk-back-2.0.1.tgz",
      "integrity": "sha1-VU4qnYdPrEeoywBr9EwvDEmYoKQ=",
      "dev": true
    },
    "wordwrap": {
      "version": "https://registry.npmjs.org/wordwrap/-/wordwrap-0.0.3.tgz",
      "integrity": "sha1-o9XabNXAvAAI03I0u68b7WMFkQc=",
      "dev": true
    },
    "wordwrapjs": {
      "version": "https://registry.npmjs.org/wordwrapjs/-/wordwrapjs-2.0.0.tgz",
      "integrity": "sha1-q1X2leYRjak4WP3XDAU9HF4BrCA=",
      "dev": true,
      "requires": {
        "array-back": "https://registry.npmjs.org/array-back/-/array-back-1.0.4.tgz",
        "feature-detect-es6": "https://registry.npmjs.org/feature-detect-es6/-/feature-detect-es6-1.3.1.tgz",
        "reduce-flatten": "https://registry.npmjs.org/reduce-flatten/-/reduce-flatten-1.0.1.tgz",
        "typical": "https://registry.npmjs.org/typical/-/typical-2.6.1.tgz"
      }
    },
    "wrappy": {
      "version": "https://registry.npmjs.org/wrappy/-/wrappy-1.0.2.tgz",
      "integrity": "sha1-tSQ9jz7BqjXxNkYFvA0QNuMKtp8=",
      "dev": true
    }
  }
}
